
Microsoft Visual Studio Solution File, Format Version 12.00
# Visual Studio Version 17
VisualStudioVersion = 17.13.35617.110
MinimumVisualStudioVersion = 10.0.40219.1
Project("{FAE04EC0-301F-11D3-BF4B-00C04F79EFBC}") = "PL_PasswordManagementSystem", "PL_PasswordManagementSystem\PL_PasswordManagementSystem.csproj", "{B804B304-6EE5-4865-BF67-39FC3DC81717}"
EndProject
Project("{FAE04EC0-301F-11D3-BF4B-00C04F79EFBC}") = "BL_PasswordManagementSystem", "BL_PasswordManagementSystem\BL_PasswordManagementSystem.csproj", "{E84C610B-B477-4566-A268-FC943E084FF9}"
EndProject
Project("{FAE04EC0-301F-11D3-BF4B-00C04F79EFBC}") = "DL_PasswordManagementSystem", "DL_PasswordManagementSystem\DL_PasswordManagementSystem.csproj", "{94EBC481-8F3C-406F-8C3F-8D3710E66BB4}"
EndProject
Project("{FAE04EC0-301F-11D3-BF4B-00C04F79EFBC}") = "Test_PasswordManagementSystem", "Test_PasswordManagementSystem\Test_PasswordManagementSystem.csproj", "{7F482413-82AE-4017-AC7D-1D4613BA7299}"
EndProject
Global
	GlobalSection(SolutionConfigurationPlatforms) = preSolution
		Debug|Any CPU = Debug|Any CPU
		Release|Any CPU = Release|Any CPU
	EndGlobalSection
	GlobalSection(ProjectConfigurationPlatforms) = postSolution
		{B804B304-6EE5-4865-BF67-39FC3DC81717}.Debug|Any CPU.ActiveCfg = Debug|Any CPU
		{B804B304-6EE5-4865-BF67-39FC3DC81717}.Debug|Any CPU.Build.0 = Debug|Any CPU
		{B804B304-6EE5-4865-BF67-39FC3DC81717}.Release|Any CPU.ActiveCfg = Release|Any CPU
		{B804B304-6EE5-4865-BF67-39FC3DC81717}.Release|Any CPU.Build.0 = Release|Any CPU
		{E84C610B-B477-4566-A268-FC943E084FF9}.Debug|Any CPU.ActiveCfg = Debug|Any CPU
		{E84C610B-B477-4566-A268-FC943E084FF9}.Debug|Any CPU.Build.0 = Debug|Any CPU
		{E84C610B-B477-4566-A268-FC943E084FF9}.Release|Any CPU.ActiveCfg = Release|Any CPU
		{E84C610B-B477-4566-A268-FC943E084FF9}.Release|Any CPU.Build.0 = Release|Any CPU
		{94EBC481-8F3C-406F-8C3F-8D3710E66BB4}.Debug|Any CPU.ActiveCfg = Debug|Any CPU
		{94EBC481-8F3C-406F-8C3F-8D3710E66BB4}.Debug|Any CPU.Build.0 = Debug|Any CPU
		{94EBC481-8F3C-406F-8C3F-8D3710E66BB4}.Release|Any CPU.ActiveCfg = Release|Any CPU
		{94EBC481-8F3C-406F-8C3F-8D3710E66BB4}.Release|Any CPU.Build.0 = Release|Any CPU
		{7F482413-82AE-4017-AC7D-1D4613BA7299}.Debug|Any CPU.ActiveCfg = Debug|Any CPU
		{7F482413-82AE-4017-AC7D-1D4613BA7299}.Debug|Any CPU.Build.0 = Debug|Any CPU
		{7F482413-82AE-4017-AC7D-1D4613BA7299}.Release|Any CPU.ActiveCfg = Release|Any CPU
		{7F482413-82AE-4017-AC7D-1D4613BA7299}.Release|Any CPU.Build.0 = Release|Any CPU
	EndGlobalSection
	GlobalSection(SolutionProperties) = preSolution
		HideSolutionNode = FALSE
	EndGlobalSection
	GlobalSection(ExtensibilityGlobals) = postSolution
		SolutionGuid = {53EF5CB5-89D5-43BC-A62E-DDE48604F27B}
	EndGlobalSection
EndGlobal
